<?xml version="1.0" encoding="UTF-8"?>
<Scheme
   version = "1.3">
   <BuildAction>
      <BuildActionEntries>
         <BuildActionEntry
            buildForRunning = "YES">
            <BuildableReference
               BuildableIdentifier = "primary"
               BlueprintIdentifier = "A7CA722E2ADF397F00D8D1F7"
               BuildableName = "StocksViewer.app"
               BlueprintName = "StocksViewer"
               ReferencedContainer = "container:StocksViewer.xcodeproj">
            </BuildableReference>
         </BuildActionEntry>
      </BuildActionEntries>
   </BuildAction>
   <LaunchAction
      useCustomWorkingDirectory = "NO"
      buildConfiguration = "Debug"
      allowLocationSimulation = "YES">
      <BuildableProductRunnable>
         <BuildableReference
            BuildableIdentifier = "primary"
            BlueprintIdentifier = "A7CA722E2ADF397F00D8D1F7"
            BuildableName = "StocksViewer.app"
            BlueprintName = "StocksViewer"
            ReferencedContainer = "container:StocksViewer.xcodeproj">
         </BuildableReference>
      </BuildableProductRunnable>
   </LaunchAction>
</Scheme>
